
Microsoft Visual Studio Solution File, Format Version 12.00
# Visual Studio 15
VisualStudioVersion = 15.0.28010.2016
MinimumVisualStudioVersion = 10.0.40219.1
Project("{00D1A9C2-B5F0-4AF3-8072-F6C62B433612}") = "CompanyStructure", "CompanyStructure\CompanyStructure.sqlproj", "{1F0412CB-A900-4D73-BEE0-30636CE30EFD}"
EndProject
Global
	GlobalSection(SolutionConfigurationPlatforms) = preSolution
		Debug|Any CPU = Debug|Any CPU
		Release|Any CPU = Release|Any CPU
	EndGlobalSection
	GlobalSection(ProjectConfigurationPlatforms) = postSolution
		{1F0412CB-A900-4D73-BEE0-30636CE30EFD}.Debug|Any CPU.ActiveCfg = Debug|Any CPU
		{1F0412CB-A900-4D73-BEE0-30636CE30EFD}.Debug|Any CPU.Build.0 = Debug|Any CPU
		{1F0412CB-A900-4D73-BEE0-30636CE30EFD}.Debug|Any CPU.Deploy.0 = Debug|Any CPU
		{1F0412CB-A900-4D73-BEE0-30636CE30EFD}.Release|Any CPU.ActiveCfg = Release|Any CPU
		{1F0412CB-A900-4D73-BEE0-30636CE30EFD}.Release|Any CPU.Build.0 = Release|Any CPU
		{1F0412CB-A900-4D73-BEE0-30636CE30EFD}.Release|Any CPU.Deploy.0 = Release|Any CPU
	EndGlobalSection
	GlobalSection(SolutionProperties) = preSolution
		HideSolutionNode = FALSE
	EndGlobalSection
	GlobalSection(ExtensibilityGlobals) = postSolution
		SolutionGuid = {B9E20B43-CD1A-4611-9560-D2960C6E6395}
	EndGlobalSection
EndGlobal
